<?xml version="1.0" encoding="utf-8"?>
<Project ToolsVersion="4.0" xmlns="http://schemas.microsoft.com/developer/msbuild/2003">
  <ItemGroup>
    <Filter Include="Archivos de origen">
      <UniqueIdentifier>{4FC737F1-C7A5-4376-A066-2A32D752A2FF}</UniqueIdentifier>
      <Extensions>cpp;c;cc;cxx;c++;cppm;ixx;def;odl;idl;hpj;bat;asm;asmx</Extensions>
    </Filter>
    <Filter Include="Archivos de encabezado">
      <UniqueIdentifier>{93995380-89BD-4b04-88EB-625FBE52EBFB}</UniqueIdentifier>
      <Extensions>h;hh;hpp;hxx;h++;hm;inl;inc;ipp;xsd</Extensions>
    </Filter>
    <Filter Include="Archivos de recursos">
      <UniqueIdentifier>{67DA6AB6-F800-4c08-8B7A-83BB121AAD01}</UniqueIdentifier>
      <Extensions>rc;ico;cur;bmp;dlg;rc2;rct;bin;rgs;gif;jpg;jpeg;jpe;resx;tiff;tif;png;wav;mfcribbon-ms</Extensions>
    </Filter>
  </ItemGroup>
  <ItemGroup>
    <ClCompile Include="main.c">
      <Filter>Archivos de origen</Filter>
    </ClCompile>
    <ClCompile Include="libcsv.c">
      <Filter>Archivos de origen</Filter>
    </ClCompile>
    <ClCompile Include="Leer_Entradas.c">
      <Filter>Archivos de origen</Filter>
    </ClCompile>
    <ClCompile Include="Liberar_Memoria.c">
      <Filter>Archivos de origen</Filter>
    </ClCompile>
    <ClCompile Include="Verificar_Entradas.c">
      <Filter>Archivos de origen</Filter>
    </ClCompile>
    <ClCompile Include="Verificar_Datos_Algoritmo.c">
      <Filter>Archivos de origen</Filter>
    </ClCompile>
    <ClCompile Include="Verificar_Restricciones.c">
      <Filter>Archivos de origen</Filter>
    </ClCompile>
    <ClCompile Include="Verificar_Precios.c">
      <Filter>Archivos de origen</Filter>
    </ClCompile>
    <ClCompile Include="Verificar_Vehiculos.c">
      <Filter>Archivos de origen</Filter>
    </ClCompile>
    <ClCompile Include="Verificar_Baterias.c">
      <Filter>Archivos de origen</Filter>
    </ClCompile>
    <ClCompile Include="Verificar_Datos_Terminales.c">
      <Filter>Archivos de origen</Filter>
    </ClCompile>
    <ClCompile Include="Funciones_Auxiliares.c">
      <Filter>Archivos de origen</Filter>
    </ClCompile>
    <ClCompile Include="Inicializar_Variables.c">
      <Filter>Archivos de origen</Filter>
    </ClCompile>
  </ItemGroup>
  <ItemGroup>
    <ClInclude Include="main.h">
      <Filter>Archivos de encabezado</Filter>
    </ClInclude>
    <ClInclude Include="csv.h">
      <Filter>Archivos de encabezado</Filter>
    </ClInclude>
    <ClInclude Include="Tipos_Optimizacion.h">
      <Filter>Archivos de encabezado</Filter>
    </ClInclude>
    <ClInclude Include="Leer_Entradas.h">
      <Filter>Archivos de encabezado</Filter>
    </ClInclude>
    <ClInclude Include="Definiciones_Globales.h">
      <Filter>Archivos de encabezado</Filter>
    </ClInclude>
    <ClInclude Include="Liberar_Memoria.h">
      <Filter>Archivos de encabezado</Filter>
    </ClInclude>
    <ClInclude Include="Verificar_Entradas.h">
      <Filter>Archivos de encabezado</Filter>
    </ClInclude>
    <ClInclude Include="Verificar_Datos_Algoritmo.h">
      <Filter>Archivos de encabezado</Filter>
    </ClInclude>
    <ClInclude Include="Verificar_Restricciones.h">
      <Filter>Archivos de encabezado</Filter>
    </ClInclude>
    <ClInclude Include="Verificar_Precios.h">
      <Filter>Archivos de encabezado</Filter>
    </ClInclude>
    <ClInclude Include="Verificar_Vehiculos.h">
      <Filter>Archivos de encabezado</Filter>
    </ClInclude>
    <ClInclude Include="Verificar_Baterias.h.h">
      <Filter>Archivos de encabezado</Filter>
    </ClInclude>
    <ClInclude Include="Verificar_Datos_Terminales.h">
      <Filter>Archivos de encabezado</Filter>
    </ClInclude>
    <ClInclude Include="Funciones_Auxiliares.h">
      <Filter>Archivos de encabezado</Filter>
    </ClInclude>
    <ClInclude Include="Inicializar_Variables.h">
      <Filter>Archivos de encabezado</Filter>
    </ClInclude>
    <ClInclude Include="Portabilidad.h">
      <Filter>Archivos de encabezado</Filter>
    </ClInclude>
  </ItemGroup>
</Project>